
Microsoft Visual Studio Solution File, Format Version 12.00
# Visual Studio Version 17
VisualStudioVersion = 17.2.32630.192
MinimumVisualStudioVersion = 10.0.40219.1
Project("{2150E333-8FDC-42A3-9474-1A3956D46DE8}") = "src", "src", "{A61ED48C-CC8E-40D9-AB04-FBBABFD1EC3D}"
EndProject
Project("{2150E333-8FDC-42A3-9474-1A3956D46DE8}") = "test", "test", "{EBD7DAE9-F44C-4142-84DE-57D9D397674D}"
EndProject
Project("{9A19103F-16F7-4668-BE54-9A1E7A4F7556}") = "FamilyHubs.ServiceDirectory.Ui.UnitTests", "test\FamilyHubs.ServiceDirectory.Ui.UnitTests.csproj", "{BFDCE131-7BD5-41C3-8940-BF775077FCD9}"
EndProject
Project("{9A19103F-16F7-4668-BE54-9A1E7A4F7556}") = "FamilyHubs.ServiceDirectory.Ui", "src\FamilyHubs.ServiceDirectory.UI\FamilyHubs.ServiceDirectory.Ui.csproj", "{48732496-FF33-468F-8E50-9AAB48BB7D59}"
EndProject
Project("{9A19103F-16F7-4668-BE54-9A1E7A4F7556}") = "FamilyHubs.ServiceDirectoryCaseManagement.Common", "..\fh-service-directory-casemanagement-api\FamilyHubs.ServiceDirectoryCaseManagement.Common\FamilyHubs.ServiceDirectoryCaseManagement.Common.csproj", "{85A3055E-22DD-4E87-81C9-C482D2D3A230}"
EndProject
Global
	GlobalSection(SolutionConfigurationPlatforms) = preSolution
		Debug|Any CPU = Debug|Any CPU
		Release|Any CPU = Release|Any CPU
	EndGlobalSection
	GlobalSection(ProjectConfigurationPlatforms) = postSolution
		{BFDCE131-7BD5-41C3-8940-BF775077FCD9}.Debug|Any CPU.ActiveCfg = Debug|Any CPU
		{BFDCE131-7BD5-41C3-8940-BF775077FCD9}.Debug|Any CPU.Build.0 = Debug|Any CPU
		{BFDCE131-7BD5-41C3-8940-BF775077FCD9}.Release|Any CPU.ActiveCfg = Release|Any CPU
		{BFDCE131-7BD5-41C3-8940-BF775077FCD9}.Release|Any CPU.Build.0 = Release|Any CPU
		{48732496-FF33-468F-8E50-9AAB48BB7D59}.Debug|Any CPU.ActiveCfg = Debug|Any CPU
		{48732496-FF33-468F-8E50-9AAB48BB7D59}.Debug|Any CPU.Build.0 = Debug|Any CPU
		{48732496-FF33-468F-8E50-9AAB48BB7D59}.Release|Any CPU.ActiveCfg = Release|Any CPU
		{48732496-FF33-468F-8E50-9AAB48BB7D59}.Release|Any CPU.Build.0 = Release|Any CPU
		{85A3055E-22DD-4E87-81C9-C482D2D3A230}.Debug|Any CPU.ActiveCfg = Debug|Any CPU
		{85A3055E-22DD-4E87-81C9-C482D2D3A230}.Debug|Any CPU.Build.0 = Debug|Any CPU
		{85A3055E-22DD-4E87-81C9-C482D2D3A230}.Release|Any CPU.ActiveCfg = Release|Any CPU
		{85A3055E-22DD-4E87-81C9-C482D2D3A230}.Release|Any CPU.Build.0 = Release|Any CPU
	EndGlobalSection
	GlobalSection(SolutionProperties) = preSolution
		HideSolutionNode = FALSE
	EndGlobalSection
	GlobalSection(NestedProjects) = preSolution
		{BFDCE131-7BD5-41C3-8940-BF775077FCD9} = {EBD7DAE9-F44C-4142-84DE-57D9D397674D}
		{48732496-FF33-468F-8E50-9AAB48BB7D59} = {A61ED48C-CC8E-40D9-AB04-FBBABFD1EC3D}
	EndGlobalSection
	GlobalSection(ExtensibilityGlobals) = postSolution
		SolutionGuid = {B4462E10-E73E-41FE-9CAC-FE47308CF9E2}
	EndGlobalSection
EndGlobal
